
Microsoft Visual Studio Solution File, Format Version 12.00
# Visual Studio Version 17
VisualStudioVersion = 17.0.31903.59
MinimumVisualStudioVersion = 10.0.40219.1
Project("{FAE04EC0-301F-11D3-BF4B-00C04F79EFBC}") = "Web.Ecommerce", "Web.Ecommerce\Web.Ecommerce.csproj", "{D4258840-02C5-4528-AC61-4BC171FAA496}"
EndProject
Project("{FAE04EC0-301F-11D3-BF4B-00C04F79EFBC}") = "Web.Models", "Web.Models\Web.Models.csproj", "{F3F73BDB-FF7B-44F6-A61B-C2E4DFDD6DB6}"
EndProject
Project("{FAE04EC0-301F-11D3-BF4B-00C04F79EFBC}") = "Web.DataAccess", "Web.DataAccess\Web.DataAccess.csproj", "{B1FFC137-4CB8-4127-A7BA-321DA6D4E540}"
EndProject
Global
	GlobalSection(SolutionConfigurationPlatforms) = preSolution
		Debug|Any CPU = Debug|Any CPU
		Release|Any CPU = Release|Any CPU
	EndGlobalSection
	GlobalSection(SolutionProperties) = preSolution
		HideSolutionNode = FALSE
	EndGlobalSection
	GlobalSection(ProjectConfigurationPlatforms) = postSolution
		{D4258840-02C5-4528-AC61-4BC171FAA496}.Debug|Any CPU.ActiveCfg = Debug|Any CPU
		{D4258840-02C5-4528-AC61-4BC171FAA496}.Debug|Any CPU.Build.0 = Debug|Any CPU
		{D4258840-02C5-4528-AC61-4BC171FAA496}.Release|Any CPU.ActiveCfg = Release|Any CPU
		{D4258840-02C5-4528-AC61-4BC171FAA496}.Release|Any CPU.Build.0 = Release|Any CPU
		{F3F73BDB-FF7B-44F6-A61B-C2E4DFDD6DB6}.Debug|Any CPU.ActiveCfg = Debug|Any CPU
		{F3F73BDB-FF7B-44F6-A61B-C2E4DFDD6DB6}.Debug|Any CPU.Build.0 = Debug|Any CPU
		{F3F73BDB-FF7B-44F6-A61B-C2E4DFDD6DB6}.Release|Any CPU.ActiveCfg = Release|Any CPU
		{F3F73BDB-FF7B-44F6-A61B-C2E4DFDD6DB6}.Release|Any CPU.Build.0 = Release|Any CPU
		{B1FFC137-4CB8-4127-A7BA-321DA6D4E540}.Debug|Any CPU.ActiveCfg = Debug|Any CPU
		{B1FFC137-4CB8-4127-A7BA-321DA6D4E540}.Debug|Any CPU.Build.0 = Debug|Any CPU
		{B1FFC137-4CB8-4127-A7BA-321DA6D4E540}.Release|Any CPU.ActiveCfg = Release|Any CPU
		{B1FFC137-4CB8-4127-A7BA-321DA6D4E540}.Release|Any CPU.Build.0 = Release|Any CPU
	EndGlobalSection
EndGlobal
